
Microsoft Visual Studio Solution File, Format Version 12.00
# Visual Studio 14
VisualStudioVersion = 14.0.25420.1
MinimumVisualStudioVersion = 10.0.40219.1
Project("{8BC9CEB8-8B4A-11D0-8D11-00A0C91BC942}") = "简单工厂模式", "简单工厂模式\简单工厂模式.vcxproj", "{A93DE74D-DB94-4B64-9275-17A96B3E568F}"
EndProject
Project("{8BC9CEB8-8B4A-11D0-8D11-00A0C91BC942}") = "工厂模式", "工厂模式\工厂模式.vcxproj", "{6343FD30-7378-4D85-80E0-0E7654D82423}"
EndProject
Project("{8BC9CEB8-8B4A-11D0-8D11-00A0C91BC942}") = "抽象工厂", "抽象工厂\抽象工厂.vcxproj", "{3AB0576F-4BAD-44C1-8D8D-B5DDCE0CEF45}"
EndProject
Project("{8BC9CEB8-8B4A-11D0-8D11-00A0C91BC942}") = "04Singleton", "Singleton\Singleton.vcxproj", "{0150E723-5851-4401-8DE0-BE0FE10619CA}"
EndProject
Project("{8BC9CEB8-8B4A-11D0-8D11-00A0C91BC942}") = "SomeTest", "SomeTest\SomeTest.vcxproj", "{F3A48BE4-6947-44AA-AD1C-4B071D9BB924}"
EndProject
Project("{8BC9CEB8-8B4A-11D0-8D11-00A0C91BC942}") = "05Builder", "Builder\Builder.vcxproj", "{FD42C7D0-7D73-4176-B155-0F7CC8C05627}"
EndProject
Project("{8BC9CEB8-8B4A-11D0-8D11-00A0C91BC942}") = "06Prototype", "Prototype\Prototype.vcxproj", "{8B2682FB-7F0D-495C-A791-16E3E39B07F8}"
EndProject
Project("{8BC9CEB8-8B4A-11D0-8D11-00A0C91BC942}") = "01SimpleFactory", "01SimpleFactory\01SimpleFactory.vcxproj", "{6AC96481-5342-4E57-8FA3-DCB4F70ECDAD}"
EndProject
Project("{8BC9CEB8-8B4A-11D0-8D11-00A0C91BC942}") = "02Factory", "02Factory\02Factory.vcxproj", "{7B79B6C9-4B32-4D43-89E8-46665683ACF6}"
EndProject
Project("{8BC9CEB8-8B4A-11D0-8D11-00A0C91BC942}") = "03AbstractFactory", "03AbstractFactory\03AbstractFactory.vcxproj", "{BAA7D097-7342-4DCA-8DBD-93308EACC443}"
EndProject
Global
	GlobalSection(SolutionConfigurationPlatforms) = preSolution
		Debug|x64 = Debug|x64
		Debug|x86 = Debug|x86
		Release|x64 = Release|x64
		Release|x86 = Release|x86
	EndGlobalSection
	GlobalSection(ProjectConfigurationPlatforms) = postSolution
		{A93DE74D-DB94-4B64-9275-17A96B3E568F}.Debug|x64.ActiveCfg = Debug|x64
		{A93DE74D-DB94-4B64-9275-17A96B3E568F}.Debug|x64.Build.0 = Debug|x64
		{A93DE74D-DB94-4B64-9275-17A96B3E568F}.Debug|x86.ActiveCfg = Debug|Win32
		{A93DE74D-DB94-4B64-9275-17A96B3E568F}.Debug|x86.Build.0 = Debug|Win32
		{A93DE74D-DB94-4B64-9275-17A96B3E568F}.Release|x64.ActiveCfg = Release|x64
		{A93DE74D-DB94-4B64-9275-17A96B3E568F}.Release|x64.Build.0 = Release|x64
		{A93DE74D-DB94-4B64-9275-17A96B3E568F}.Release|x86.ActiveCfg = Release|Win32
		{A93DE74D-DB94-4B64-9275-17A96B3E568F}.Release|x86.Build.0 = Release|Win32
		{6343FD30-7378-4D85-80E0-0E7654D82423}.Debug|x64.ActiveCfg = Debug|x64
		{6343FD30-7378-4D85-80E0-0E7654D82423}.Debug|x64.Build.0 = Debug|x64
		{6343FD30-7378-4D85-80E0-0E7654D82423}.Debug|x86.ActiveCfg = Debug|Win32
		{6343FD30-7378-4D85-80E0-0E7654D82423}.Debug|x86.Build.0 = Debug|Win32
		{6343FD30-7378-4D85-80E0-0E7654D82423}.Release|x64.ActiveCfg = Release|x64
		{6343FD30-7378-4D85-80E0-0E7654D82423}.Release|x64.Build.0 = Release|x64
		{6343FD30-7378-4D85-80E0-0E7654D82423}.Release|x86.ActiveCfg = Release|Win32
		{6343FD30-7378-4D85-80E0-0E7654D82423}.Release|x86.Build.0 = Release|Win32
		{3AB0576F-4BAD-44C1-8D8D-B5DDCE0CEF45}.Debug|x64.ActiveCfg = Debug|x64
		{3AB0576F-4BAD-44C1-8D8D-B5DDCE0CEF45}.Debug|x64.Build.0 = Debug|x64
		{3AB0576F-4BAD-44C1-8D8D-B5DDCE0CEF45}.Debug|x86.ActiveCfg = Debug|Win32
		{3AB0576F-4BAD-44C1-8D8D-B5DDCE0CEF45}.Debug|x86.Build.0 = Debug|Win32
		{3AB0576F-4BAD-44C1-8D8D-B5DDCE0CEF45}.Release|x64.ActiveCfg = Release|x64
		{3AB0576F-4BAD-44C1-8D8D-B5DDCE0CEF45}.Release|x64.Build.0 = Release|x64
		{3AB0576F-4BAD-44C1-8D8D-B5DDCE0CEF45}.Release|x86.ActiveCfg = Release|Win32
		{3AB0576F-4BAD-44C1-8D8D-B5DDCE0CEF45}.Release|x86.Build.0 = Release|Win32
		{0150E723-5851-4401-8DE0-BE0FE10619CA}.Debug|x64.ActiveCfg = Debug|x64
		{0150E723-5851-4401-8DE0-BE0FE10619CA}.Debug|x64.Build.0 = Debug|x64
		{0150E723-5851-4401-8DE0-BE0FE10619CA}.Debug|x86.ActiveCfg = Debug|Win32
		{0150E723-5851-4401-8DE0-BE0FE10619CA}.Debug|x86.Build.0 = Debug|Win32
		{0150E723-5851-4401-8DE0-BE0FE10619CA}.Release|x64.ActiveCfg = Release|x64
		{0150E723-5851-4401-8DE0-BE0FE10619CA}.Release|x64.Build.0 = Release|x64
		{0150E723-5851-4401-8DE0-BE0FE10619CA}.Release|x86.ActiveCfg = Release|Win32
		{0150E723-5851-4401-8DE0-BE0FE10619CA}.Release|x86.Build.0 = Release|Win32
		{F3A48BE4-6947-44AA-AD1C-4B071D9BB924}.Debug|x64.ActiveCfg = Debug|x64
		{F3A48BE4-6947-44AA-AD1C-4B071D9BB924}.Debug|x64.Build.0 = Debug|x64
		{F3A48BE4-6947-44AA-AD1C-4B071D9BB924}.Debug|x86.ActiveCfg = Debug|Win32
		{F3A48BE4-6947-44AA-AD1C-4B071D9BB924}.Debug|x86.Build.0 = Debug|Win32
		{F3A48BE4-6947-44AA-AD1C-4B071D9BB924}.Release|x64.ActiveCfg = Release|x64
		{F3A48BE4-6947-44AA-AD1C-4B071D9BB924}.Release|x64.Build.0 = Release|x64
		{F3A48BE4-6947-44AA-AD1C-4B071D9BB924}.Release|x86.ActiveCfg = Release|Win32
		{F3A48BE4-6947-44AA-AD1C-4B071D9BB924}.Release|x86.Build.0 = Release|Win32
		{FD42C7D0-7D73-4176-B155-0F7CC8C05627}.Debug|x64.ActiveCfg = Debug|x64
		{FD42C7D0-7D73-4176-B155-0F7CC8C05627}.Debug|x64.Build.0 = Debug|x64
		{FD42C7D0-7D73-4176-B155-0F7CC8C05627}.Debug|x86.ActiveCfg = Debug|Win32
		{FD42C7D0-7D73-4176-B155-0F7CC8C05627}.Debug|x86.Build.0 = Debug|Win32
		{FD42C7D0-7D73-4176-B155-0F7CC8C05627}.Release|x64.ActiveCfg = Release|x64
		{FD42C7D0-7D73-4176-B155-0F7CC8C05627}.Release|x64.Build.0 = Release|x64
		{FD42C7D0-7D73-4176-B155-0F7CC8C05627}.Release|x86.ActiveCfg = Release|Win32
		{FD42C7D0-7D73-4176-B155-0F7CC8C05627}.Release|x86.Build.0 = Release|Win32
		{8B2682FB-7F0D-495C-A791-16E3E39B07F8}.Debug|x64.ActiveCfg = Debug|x64
		{8B2682FB-7F0D-495C-A791-16E3E39B07F8}.Debug|x64.Build.0 = Debug|x64
		{8B2682FB-7F0D-495C-A791-16E3E39B07F8}.Debug|x86.ActiveCfg = Debug|Win32
		{8B2682FB-7F0D-495C-A791-16E3E39B07F8}.Debug|x86.Build.0 = Debug|Win32
		{8B2682FB-7F0D-495C-A791-16E3E39B07F8}.Release|x64.ActiveCfg = Release|x64
		{8B2682FB-7F0D-495C-A791-16E3E39B07F8}.Release|x64.Build.0 = Release|x64
		{8B2682FB-7F0D-495C-A791-16E3E39B07F8}.Release|x86.ActiveCfg = Release|Win32
		{8B2682FB-7F0D-495C-A791-16E3E39B07F8}.Release|x86.Build.0 = Release|Win32
		{6AC96481-5342-4E57-8FA3-DCB4F70ECDAD}.Debug|x64.ActiveCfg = Debug|x64
		{6AC96481-5342-4E57-8FA3-DCB4F70ECDAD}.Debug|x64.Build.0 = Debug|x64
		{6AC96481-5342-4E57-8FA3-DCB4F70ECDAD}.Debug|x86.ActiveCfg = Debug|Win32
		{6AC96481-5342-4E57-8FA3-DCB4F70ECDAD}.Debug|x86.Build.0 = Debug|Win32
		{6AC96481-5342-4E57-8FA3-DCB4F70ECDAD}.Release|x64.ActiveCfg = Release|x64
		{6AC96481-5342-4E57-8FA3-DCB4F70ECDAD}.Release|x64.Build.0 = Release|x64
		{6AC96481-5342-4E57-8FA3-DCB4F70ECDAD}.Release|x86.ActiveCfg = Release|Win32
		{6AC96481-5342-4E57-8FA3-DCB4F70ECDAD}.Release|x86.Build.0 = Release|Win32
		{7B79B6C9-4B32-4D43-89E8-46665683ACF6}.Debug|x64.ActiveCfg = Debug|x64
		{7B79B6C9-4B32-4D43-89E8-46665683ACF6}.Debug|x64.Build.0 = Debug|x64
		{7B79B6C9-4B32-4D43-89E8-46665683ACF6}.Debug|x86.ActiveCfg = Debug|Win32
		{7B79B6C9-4B32-4D43-89E8-46665683ACF6}.Debug|x86.Build.0 = Debug|Win32
		{7B79B6C9-4B32-4D43-89E8-46665683ACF6}.Release|x64.ActiveCfg = Release|x64
		{7B79B6C9-4B32-4D43-89E8-46665683ACF6}.Release|x64.Build.0 = Release|x64
		{7B79B6C9-4B32-4D43-89E8-46665683ACF6}.Release|x86.ActiveCfg = Release|Win32
		{7B79B6C9-4B32-4D43-89E8-46665683ACF6}.Release|x86.Build.0 = Release|Win32
		{BAA7D097-7342-4DCA-8DBD-93308EACC443}.Debug|x64.ActiveCfg = Debug|x64
		{BAA7D097-7342-4DCA-8DBD-93308EACC443}.Debug|x64.Build.0 = Debug|x64
		{BAA7D097-7342-4DCA-8DBD-93308EACC443}.Debug|x86.ActiveCfg = Debug|Win32
		{BAA7D097-7342-4DCA-8DBD-93308EACC443}.Debug|x86.Build.0 = Debug|Win32
		{BAA7D097-7342-4DCA-8DBD-93308EACC443}.Release|x64.ActiveCfg = Release|x64
		{BAA7D097-7342-4DCA-8DBD-93308EACC443}.Release|x64.Build.0 = Release|x64
		{BAA7D097-7342-4DCA-8DBD-93308EACC443}.Release|x86.ActiveCfg = Release|Win32
		{BAA7D097-7342-4DCA-8DBD-93308EACC443}.Release|x86.Build.0 = Release|Win32
	EndGlobalSection
	GlobalSection(SolutionProperties) = preSolution
		HideSolutionNode = FALSE
	EndGlobalSection
EndGlobal
