
Microsoft Visual Studio Solution File, Format Version 12.00
# Visual Studio 14
VisualStudioVersion = 14.0.25420.1
MinimumVisualStudioVersion = 10.0.40219.1
Project("{8BC9CEB8-8B4A-11D0-8D11-00A0C91BC942}") = "01SimpleFactory", "01SimpleFactory\01SimpleFactory.vcxproj", "{6AC96481-5342-4E57-8FA3-DCB4F70ECDAD}"
EndProject
Project("{8BC9CEB8-8B4A-11D0-8D11-00A0C91BC942}") = "02Factory", "02Factory\02Factory.vcxproj", "{7B79B6C9-4B32-4D43-89E8-46665683ACF6}"
EndProject
Project("{8BC9CEB8-8B4A-11D0-8D11-00A0C91BC942}") = "03AbstractFactory", "03AbstractFactory\03AbstractFactory.vcxproj", "{BAA7D097-7342-4DCA-8DBD-93308EACC443}"
EndProject
Project("{8BC9CEB8-8B4A-11D0-8D11-00A0C91BC942}") = "05Builder", "05Builder\05Builder.vcxproj", "{FD42C7D0-7D73-4176-B155-0F7CC8C05627}"
EndProject
Project("{8BC9CEB8-8B4A-11D0-8D11-00A0C91BC942}") = "04Singleton", "04Singleton\04Singleton.vcxproj", "{0150E723-5851-4401-8DE0-BE0FE10619CA}"
EndProject
Project("{8BC9CEB8-8B4A-11D0-8D11-00A0C91BC942}") = "06Prototype", "06Prototype\06Prototype.vcxproj", "{8B2682FB-7F0D-495C-A791-16E3E39B07F8}"
EndProject
Project("{8BC9CEB8-8B4A-11D0-8D11-00A0C91BC942}") = "07Facade", "07Facade\07Facade.vcxproj", "{C9E09058-C3E6-4BE1-9C68-DC4989BEF406}"
EndProject
Project("{8BC9CEB8-8B4A-11D0-8D11-00A0C91BC942}") = "08Composite", "08Composite\08Composite.vcxproj", "{D2888825-4EB8-4EFB-9B6E-CA537F033241}"
EndProject
Project("{8BC9CEB8-8B4A-11D0-8D11-00A0C91BC942}") = "09Adapter", "09Adapter\09Adapter.vcxproj", "{0B959AD4-8981-4CDC-8135-0800B575462A}"
EndProject
Project("{8BC9CEB8-8B4A-11D0-8D11-00A0C91BC942}") = "DesignedPatterns", "DesignedPatterns\DesignedPatterns.vcxproj", "{05AF0184-4CE5-423A-8DC4-D90B27A438BC}"
EndProject
Global
	GlobalSection(SolutionConfigurationPlatforms) = preSolution
		Debug|x64 = Debug|x64
		Debug|x86 = Debug|x86
		Release|x64 = Release|x64
		Release|x86 = Release|x86
	EndGlobalSection
	GlobalSection(ProjectConfigurationPlatforms) = postSolution
		{6AC96481-5342-4E57-8FA3-DCB4F70ECDAD}.Debug|x64.ActiveCfg = Debug|x64
		{6AC96481-5342-4E57-8FA3-DCB4F70ECDAD}.Debug|x64.Build.0 = Debug|x64
		{6AC96481-5342-4E57-8FA3-DCB4F70ECDAD}.Debug|x86.ActiveCfg = Debug|Win32
		{6AC96481-5342-4E57-8FA3-DCB4F70ECDAD}.Debug|x86.Build.0 = Debug|Win32
		{6AC96481-5342-4E57-8FA3-DCB4F70ECDAD}.Release|x64.ActiveCfg = Release|x64
		{6AC96481-5342-4E57-8FA3-DCB4F70ECDAD}.Release|x64.Build.0 = Release|x64
		{6AC96481-5342-4E57-8FA3-DCB4F70ECDAD}.Release|x86.ActiveCfg = Release|Win32
		{6AC96481-5342-4E57-8FA3-DCB4F70ECDAD}.Release|x86.Build.0 = Release|Win32
		{7B79B6C9-4B32-4D43-89E8-46665683ACF6}.Debug|x64.ActiveCfg = Debug|x64
		{7B79B6C9-4B32-4D43-89E8-46665683ACF6}.Debug|x64.Build.0 = Debug|x64
		{7B79B6C9-4B32-4D43-89E8-46665683ACF6}.Debug|x86.ActiveCfg = Debug|Win32
		{7B79B6C9-4B32-4D43-89E8-46665683ACF6}.Debug|x86.Build.0 = Debug|Win32
		{7B79B6C9-4B32-4D43-89E8-46665683ACF6}.Release|x64.ActiveCfg = Release|x64
		{7B79B6C9-4B32-4D43-89E8-46665683ACF6}.Release|x64.Build.0 = Release|x64
		{7B79B6C9-4B32-4D43-89E8-46665683ACF6}.Release|x86.ActiveCfg = Release|Win32
		{7B79B6C9-4B32-4D43-89E8-46665683ACF6}.Release|x86.Build.0 = Release|Win32
		{BAA7D097-7342-4DCA-8DBD-93308EACC443}.Debug|x64.ActiveCfg = Debug|x64
		{BAA7D097-7342-4DCA-8DBD-93308EACC443}.Debug|x64.Build.0 = Debug|x64
		{BAA7D097-7342-4DCA-8DBD-93308EACC443}.Debug|x86.ActiveCfg = Debug|Win32
		{BAA7D097-7342-4DCA-8DBD-93308EACC443}.Debug|x86.Build.0 = Debug|Win32
		{BAA7D097-7342-4DCA-8DBD-93308EACC443}.Release|x64.ActiveCfg = Release|x64
		{BAA7D097-7342-4DCA-8DBD-93308EACC443}.Release|x64.Build.0 = Release|x64
		{BAA7D097-7342-4DCA-8DBD-93308EACC443}.Release|x86.ActiveCfg = Release|Win32
		{BAA7D097-7342-4DCA-8DBD-93308EACC443}.Release|x86.Build.0 = Release|Win32
		{FD42C7D0-7D73-4176-B155-0F7CC8C05627}.Debug|x64.ActiveCfg = Debug|x64
		{FD42C7D0-7D73-4176-B155-0F7CC8C05627}.Debug|x64.Build.0 = Debug|x64
		{FD42C7D0-7D73-4176-B155-0F7CC8C05627}.Debug|x86.ActiveCfg = Debug|Win32
		{FD42C7D0-7D73-4176-B155-0F7CC8C05627}.Debug|x86.Build.0 = Debug|Win32
		{FD42C7D0-7D73-4176-B155-0F7CC8C05627}.Release|x64.ActiveCfg = Release|x64
		{FD42C7D0-7D73-4176-B155-0F7CC8C05627}.Release|x64.Build.0 = Release|x64
		{FD42C7D0-7D73-4176-B155-0F7CC8C05627}.Release|x86.ActiveCfg = Release|Win32
		{FD42C7D0-7D73-4176-B155-0F7CC8C05627}.Release|x86.Build.0 = Release|Win32
		{0150E723-5851-4401-8DE0-BE0FE10619CA}.Debug|x64.ActiveCfg = Debug|x64
		{0150E723-5851-4401-8DE0-BE0FE10619CA}.Debug|x64.Build.0 = Debug|x64
		{0150E723-5851-4401-8DE0-BE0FE10619CA}.Debug|x86.ActiveCfg = Debug|Win32
		{0150E723-5851-4401-8DE0-BE0FE10619CA}.Debug|x86.Build.0 = Debug|Win32
		{0150E723-5851-4401-8DE0-BE0FE10619CA}.Release|x64.ActiveCfg = Release|x64
		{0150E723-5851-4401-8DE0-BE0FE10619CA}.Release|x64.Build.0 = Release|x64
		{0150E723-5851-4401-8DE0-BE0FE10619CA}.Release|x86.ActiveCfg = Release|Win32
		{0150E723-5851-4401-8DE0-BE0FE10619CA}.Release|x86.Build.0 = Release|Win32
		{8B2682FB-7F0D-495C-A791-16E3E39B07F8}.Debug|x64.ActiveCfg = Debug|x64
		{8B2682FB-7F0D-495C-A791-16E3E39B07F8}.Debug|x64.Build.0 = Debug|x64
		{8B2682FB-7F0D-495C-A791-16E3E39B07F8}.Debug|x86.ActiveCfg = Debug|Win32
		{8B2682FB-7F0D-495C-A791-16E3E39B07F8}.Debug|x86.Build.0 = Debug|Win32
		{8B2682FB-7F0D-495C-A791-16E3E39B07F8}.Release|x64.ActiveCfg = Release|x64
		{8B2682FB-7F0D-495C-A791-16E3E39B07F8}.Release|x64.Build.0 = Release|x64
		{8B2682FB-7F0D-495C-A791-16E3E39B07F8}.Release|x86.ActiveCfg = Release|Win32
		{8B2682FB-7F0D-495C-A791-16E3E39B07F8}.Release|x86.Build.0 = Release|Win32
		{C9E09058-C3E6-4BE1-9C68-DC4989BEF406}.Debug|x64.ActiveCfg = Debug|x64
		{C9E09058-C3E6-4BE1-9C68-DC4989BEF406}.Debug|x64.Build.0 = Debug|x64
		{C9E09058-C3E6-4BE1-9C68-DC4989BEF406}.Debug|x86.ActiveCfg = Debug|Win32
		{C9E09058-C3E6-4BE1-9C68-DC4989BEF406}.Debug|x86.Build.0 = Debug|Win32
		{C9E09058-C3E6-4BE1-9C68-DC4989BEF406}.Release|x64.ActiveCfg = Release|x64
		{C9E09058-C3E6-4BE1-9C68-DC4989BEF406}.Release|x64.Build.0 = Release|x64
		{C9E09058-C3E6-4BE1-9C68-DC4989BEF406}.Release|x86.ActiveCfg = Release|Win32
		{C9E09058-C3E6-4BE1-9C68-DC4989BEF406}.Release|x86.Build.0 = Release|Win32
		{D2888825-4EB8-4EFB-9B6E-CA537F033241}.Debug|x64.ActiveCfg = Debug|x64
		{D2888825-4EB8-4EFB-9B6E-CA537F033241}.Debug|x64.Build.0 = Debug|x64
		{D2888825-4EB8-4EFB-9B6E-CA537F033241}.Debug|x86.ActiveCfg = Debug|Win32
		{D2888825-4EB8-4EFB-9B6E-CA537F033241}.Debug|x86.Build.0 = Debug|Win32
		{D2888825-4EB8-4EFB-9B6E-CA537F033241}.Release|x64.ActiveCfg = Release|x64
		{D2888825-4EB8-4EFB-9B6E-CA537F033241}.Release|x64.Build.0 = Release|x64
		{D2888825-4EB8-4EFB-9B6E-CA537F033241}.Release|x86.ActiveCfg = Release|Win32
		{D2888825-4EB8-4EFB-9B6E-CA537F033241}.Release|x86.Build.0 = Release|Win32
		{0B959AD4-8981-4CDC-8135-0800B575462A}.Debug|x64.ActiveCfg = Debug|x64
		{0B959AD4-8981-4CDC-8135-0800B575462A}.Debug|x64.Build.0 = Debug|x64
		{0B959AD4-8981-4CDC-8135-0800B575462A}.Debug|x86.ActiveCfg = Debug|Win32
		{0B959AD4-8981-4CDC-8135-0800B575462A}.Debug|x86.Build.0 = Debug|Win32
		{0B959AD4-8981-4CDC-8135-0800B575462A}.Release|x64.ActiveCfg = Release|x64
		{0B959AD4-8981-4CDC-8135-0800B575462A}.Release|x64.Build.0 = Release|x64
		{0B959AD4-8981-4CDC-8135-0800B575462A}.Release|x86.ActiveCfg = Release|Win32
		{0B959AD4-8981-4CDC-8135-0800B575462A}.Release|x86.Build.0 = Release|Win32
		{05AF0184-4CE5-423A-8DC4-D90B27A438BC}.Debug|x64.ActiveCfg = Debug|x64
		{05AF0184-4CE5-423A-8DC4-D90B27A438BC}.Debug|x64.Build.0 = Debug|x64
		{05AF0184-4CE5-423A-8DC4-D90B27A438BC}.Debug|x86.ActiveCfg = Debug|Win32
		{05AF0184-4CE5-423A-8DC4-D90B27A438BC}.Debug|x86.Build.0 = Debug|Win32
		{05AF0184-4CE5-423A-8DC4-D90B27A438BC}.Release|x64.ActiveCfg = Release|x64
		{05AF0184-4CE5-423A-8DC4-D90B27A438BC}.Release|x64.Build.0 = Release|x64
		{05AF0184-4CE5-423A-8DC4-D90B27A438BC}.Release|x86.ActiveCfg = Release|Win32
		{05AF0184-4CE5-423A-8DC4-D90B27A438BC}.Release|x86.Build.0 = Release|Win32
	EndGlobalSection
	GlobalSection(SolutionProperties) = preSolution
		HideSolutionNode = FALSE
	EndGlobalSection
EndGlobal
